
Microsoft Visual Studio Solution File, Format Version 12.00
# Visual Studio 15
VisualStudioVersion = 15.0.28307.572
MinimumVisualStudioVersion = 10.0.40219.1
Project("{9A19103F-16F7-4668-BE54-9A1E7A4F7556}") = "testDotNetCore22", "testDotNetCore22\testDotNetCore22.csproj", "{9367D7E9-28A8-4AA3-B8C0-051C48687D58}"
EndProject
Project("{E53339B2-1760-4266-BCC7-CA923CBCF16C}") = "docker-compose", "docker-compose.dcproj", "{FE13E4FE-EDA3-423B-8D13-326C9290269B}"
EndProject
Global
	GlobalSection(SolutionConfigurationPlatforms) = preSolution
		Debug|Any CPU = Debug|Any CPU
		Release|Any CPU = Release|Any CPU
	EndGlobalSection
	GlobalSection(ProjectConfigurationPlatforms) = postSolution
		{9367D7E9-28A8-4AA3-B8C0-051C48687D58}.Debug|Any CPU.ActiveCfg = Debug|Any CPU
		{9367D7E9-28A8-4AA3-B8C0-051C48687D58}.Debug|Any CPU.Build.0 = Debug|Any CPU
		{9367D7E9-28A8-4AA3-B8C0-051C48687D58}.Release|Any CPU.ActiveCfg = Release|Any CPU
		{9367D7E9-28A8-4AA3-B8C0-051C48687D58}.Release|Any CPU.Build.0 = Release|Any CPU
		{FE13E4FE-EDA3-423B-8D13-326C9290269B}.Debug|Any CPU.ActiveCfg = Debug|Any CPU
		{FE13E4FE-EDA3-423B-8D13-326C9290269B}.Debug|Any CPU.Build.0 = Debug|Any CPU
		{FE13E4FE-EDA3-423B-8D13-326C9290269B}.Release|Any CPU.ActiveCfg = Release|Any CPU
		{FE13E4FE-EDA3-423B-8D13-326C9290269B}.Release|Any CPU.Build.0 = Release|Any CPU
	EndGlobalSection
	GlobalSection(SolutionProperties) = preSolution
		HideSolutionNode = FALSE
	EndGlobalSection
	GlobalSection(ExtensibilityGlobals) = postSolution
		SolutionGuid = {4D495980-05C1-4492-AB19-79A76A07AA5F}
	EndGlobalSection
EndGlobal
